
Microsoft Visual Studio Solution File, Format Version 12.00
# Visual Studio 15
VisualStudioVersion = 15.0.26730.12
MinimumVisualStudioVersion = 10.0.40219.1
Project("{FAE04EC0-301F-11D3-BF4B-00C04F79EFBC}") = "HitListApp", "WindowsFormsApplication1\HitListApp.csproj", "{1A9971CF-AAB0-48A6-AC47-4AD77D0003CE}"
EndProject
Global
	GlobalSection(SolutionConfigurationPlatforms) = preSolution
		Debug|x86 = Debug|x86
		Release|x86 = Release|x86
	EndGlobalSection
	GlobalSection(ProjectConfigurationPlatforms) = postSolution
		{1A9971CF-AAB0-48A6-AC47-4AD77D0003CE}.Debug|x86.ActiveCfg = Debug|x86
		{1A9971CF-AAB0-48A6-AC47-4AD77D0003CE}.Debug|x86.Build.0 = Debug|x86
		{1A9971CF-AAB0-48A6-AC47-4AD77D0003CE}.Release|x86.ActiveCfg = Release|x86
		{1A9971CF-AAB0-48A6-AC47-4AD77D0003CE}.Release|x86.Build.0 = Release|x86
	EndGlobalSection
	GlobalSection(SolutionProperties) = preSolution
		HideSolutionNode = FALSE
	EndGlobalSection
	GlobalSection(ExtensibilityGlobals) = postSolution
		SolutionGuid = {D05C97BE-CDBC-4A0E-A0F7-168E9C659FCF}
	EndGlobalSection
EndGlobal
